
Microsoft Visual Studio Solution File, Format Version 12.00
# Visual Studio Version 17
VisualStudioVersion = 17.5.002.0
MinimumVisualStudioVersion = 10.0.40219.1
Project("{9A19103F-16F7-4668-BE54-9A1E7A4F7556}") = "Restaurants", "BestRestaurants\Restaurants.csproj", "{3570627C-C2C8-47CE-A24D-B98FB036E396}"
EndProject
Project("{9A19103F-16F7-4668-BE54-9A1E7A4F7556}") = "BestRestaurants.Tests", "BestRestaurants.Tests\BestRestaurants.Tests.csproj", "{415B9081-907E-4F9F-A8C8-B50ED46DF3A4}"
EndProject
Global
	GlobalSection(SolutionConfigurationPlatforms) = preSolution
		Debug|Any CPU = Debug|Any CPU
		Release|Any CPU = Release|Any CPU
	EndGlobalSection
	GlobalSection(ProjectConfigurationPlatforms) = postSolution
		{3570627C-C2C8-47CE-A24D-B98FB036E396}.Debug|Any CPU.ActiveCfg = Debug|Any CPU
		{3570627C-C2C8-47CE-A24D-B98FB036E396}.Debug|Any CPU.Build.0 = Debug|Any CPU
		{3570627C-C2C8-47CE-A24D-B98FB036E396}.Release|Any CPU.ActiveCfg = Release|Any CPU
		{3570627C-C2C8-47CE-A24D-B98FB036E396}.Release|Any CPU.Build.0 = Release|Any CPU
		{415B9081-907E-4F9F-A8C8-B50ED46DF3A4}.Debug|Any CPU.ActiveCfg = Debug|Any CPU
		{415B9081-907E-4F9F-A8C8-B50ED46DF3A4}.Debug|Any CPU.Build.0 = Debug|Any CPU
		{415B9081-907E-4F9F-A8C8-B50ED46DF3A4}.Release|Any CPU.ActiveCfg = Release|Any CPU
		{415B9081-907E-4F9F-A8C8-B50ED46DF3A4}.Release|Any CPU.Build.0 = Release|Any CPU
	EndGlobalSection
	GlobalSection(SolutionProperties) = preSolution
		HideSolutionNode = FALSE
	EndGlobalSection
	GlobalSection(ExtensibilityGlobals) = postSolution
		SolutionGuid = {CC288BBE-56EA-4D7D-BF95-A77BBAAD7901}
	EndGlobalSection
EndGlobal
